
Microsoft Visual Studio Solution File, Format Version 12.00
# Visual Studio Version 16
VisualStudioVersion = 16.0.29324.140
MinimumVisualStudioVersion = 10.0.40219.1
Project("{FAE04EC0-301F-11D3-BF4B-00C04F79EFBC}") = "GoChat", "GoChat\GoChat.csproj", "{0CBC89FB-7ED2-4289-AAF0-D479EEE41155}"
EndProject
Project("{FAE04EC0-301F-11D3-BF4B-00C04F79EFBC}") = "GoChat.DAL", "GoChat.DAL\GoChat.DAL.csproj", "{38353DDA-83CB-4D4E-9466-1E9C71642825}"
EndProject
Global
	GlobalSection(SolutionConfigurationPlatforms) = preSolution
		Debug|Any CPU = Debug|Any CPU
		Release|Any CPU = Release|Any CPU
	EndGlobalSection
	GlobalSection(ProjectConfigurationPlatforms) = postSolution
		{0CBC89FB-7ED2-4289-AAF0-D479EEE41155}.Debug|Any CPU.ActiveCfg = Debug|Any CPU
		{0CBC89FB-7ED2-4289-AAF0-D479EEE41155}.Debug|Any CPU.Build.0 = Debug|Any CPU
		{0CBC89FB-7ED2-4289-AAF0-D479EEE41155}.Release|Any CPU.ActiveCfg = Release|Any CPU
		{0CBC89FB-7ED2-4289-AAF0-D479EEE41155}.Release|Any CPU.Build.0 = Release|Any CPU
		{38353DDA-83CB-4D4E-9466-1E9C71642825}.Debug|Any CPU.ActiveCfg = Debug|Any CPU
		{38353DDA-83CB-4D4E-9466-1E9C71642825}.Debug|Any CPU.Build.0 = Debug|Any CPU
		{38353DDA-83CB-4D4E-9466-1E9C71642825}.Release|Any CPU.ActiveCfg = Release|Any CPU
		{38353DDA-83CB-4D4E-9466-1E9C71642825}.Release|Any CPU.Build.0 = Release|Any CPU
	EndGlobalSection
	GlobalSection(SolutionProperties) = preSolution
		HideSolutionNode = FALSE
	EndGlobalSection
	GlobalSection(ExtensibilityGlobals) = postSolution
		SolutionGuid = {E089E1F2-68AF-4EE1-A5B8-951AD9FE9ACD}
	EndGlobalSection
EndGlobal
